<?xml version="1.0" encoding="utf-8"?>
<Project ToolsVersion="4.0" xmlns="http://schemas.microsoft.com/developer/msbuild/2003">
  <ItemGroup>
    <ClCompile Include="Main.cpp">
      <Filter>Source</Filter>
    </ClCompile>
    <ClCompile Include="AssetManager.cpp">
      <Filter>Source\Engine</Filter>
    </ClCompile>
    <ClCompile Include="BaseGridMesh.cpp">
      <Filter>Source\Terrain</Filter>
    </ClCompile>
    <ClCompile Include="CActor.cpp">
      <Filter>Source\Components</Filter>
    </ClCompile>
    <ClCompile Include="CCameraActor.cpp">
      <Filter>Source\Components</Filter>
    </ClCompile>
    <ClCompile Include="CMaterial.cpp">
      <Filter>Source\Components</Filter>
    </ClCompile>
    <ClCompile Include="CMesh.cpp">
      <Filter>Source\Components</Filter>
    </ClCompile>
    <ClCompile Include="CShader.cpp">
      <Filter>Source\Components</Filter>
    </ClCompile>
    <ClCompile Include="CTransform.cpp">
      <Filter>Source\Components</Filter>
    </ClCompile>
    <ClCompile Include="Debug.cpp">
      <Filter>Source\Engine</Filter>
    </ClCompile>
    <ClCompile Include="DescriptorSetBuilder.cpp">
      <Filter>Source\Vulkan</Filter>
    </ClCompile>
    <ClCompile Include="FmodController.cpp">
      <Filter>Source\FMOD</Filter>
    </ClCompile>
    <ClCompile Include="imgui.cpp">
      <Filter>Source\ImGUI</Filter>
    </ClCompile>
    <ClCompile Include="imgui_demo.cpp">
      <Filter>Source\ImGUI</Filter>
    </ClCompile>
    <ClCompile Include="imgui_draw.cpp">
      <Filter>Source\ImGUI</Filter>
    </ClCompile>
    <ClCompile Include="imgui_impl_opengl3.cpp">
      <Filter>Source\ImGUI</Filter>
    </ClCompile>
    <ClCompile Include="imgui_impl_sdl3.cpp">
      <Filter>Source\ImGUI</Filter>
    </ClCompile>
    <ClCompile Include="imgui_impl_vulkan.cpp">
      <Filter>Source\ImGUI</Filter>
    </ClCompile>
    <ClCompile Include="imgui_tables.cpp">
      <Filter>Source\ImGUI</Filter>
    </ClCompile>
    <ClCompile Include="imgui_widgets.cpp">
      <Filter>Source\ImGUI</Filter>
    </ClCompile>
    <ClCompile Include="OpenGLRenderer.cpp">
      <Filter>Source\Vulkan</Filter>
    </ClCompile>
    <ClCompile Include="Scene0.cpp">
      <Filter>Source\Scene</Filter>
    </ClCompile>
    <ClCompile Include="Scene2.cpp">
      <Filter>Source\Scene</Filter>
    </ClCompile>
    <ClCompile Include="SceneManager.cpp">
      <Filter>Source\Engine</Filter>
    </ClCompile>
    <ClCompile Include="TerrainNoise.cpp">
      <Filter>Source\Terrain</Filter>
    </ClCompile>
    <ClCompile Include="TerrainVulkan.cpp">
      <Filter>Source\Terrain</Filter>
    </ClCompile>
    <ClCompile Include="VkImGUISystem.cpp">
      <Filter>Source\Vulkan</Filter>
    </ClCompile>
    <ClCompile Include="Timer.cpp">
      <Filter>Source\Engine</Filter>
    </ClCompile>
    <ClCompile Include="VulkanCommandBuffer.cpp">
      <Filter>Source\Vulkan</Filter>
    </ClCompile>
    <ClCompile Include="VulkanECS.cpp">
      <Filter>Source\Vulkan</Filter>
    </ClCompile>
    <ClCompile Include="VulkanMesh.cpp">
      <Filter>Source\Vulkan</Filter>
    </ClCompile>
    <ClCompile Include="VulkanPipeline.cpp">
      <Filter>Source\Vulkan</Filter>
    </ClCompile>
    <ClCompile Include="VulkanRenderer.cpp">
      <Filter>Source\Vulkan</Filter>
    </ClCompile>
    <ClCompile Include="VulkanSampler.cpp">
      <Filter>Source\Vulkan</Filter>
    </ClCompile>
    <ClCompile Include="VulkanShadowMapping.cpp">
      <Filter>Source\Vulkan</Filter>
    </ClCompile>
    <ClCompile Include="VulkanUniformBuffer.cpp">
      <Filter>Source\Vulkan</Filter>
    </ClCompile>
    <ClCompile Include="World.cpp">
      <Filter>Source\Terrain</Filter>
    </ClCompile>
    <ClCompile Include="CCamera.cpp">
      <Filter>Source\Components</Filter>
    </ClCompile>
    <ClCompile Include="CGlobalLight.cpp">
      <Filter>Source\Components</Filter>
    </ClCompile>
    <ClCompile Include="CInput.cpp">
      <Filter>Source\Components</Filter>
    </ClCompile>
    <ClCompile Include="CPhysics.cpp">
      <Filter>Source\Components</Filter>
    </ClCompile>
    <ClCompile Include="CSkyBox.cpp">
      <Filter>Source\Components</Filter>
    </ClCompile>
    <ClCompile Include="CWorld.cpp">
      <Filter>Source\Components</Filter>
    </ClCompile>
    <ClCompile Include="Scene3.cpp">
      <Filter>Source\Scene</Filter>
    </ClCompile>
    <ClCompile Include="TerrainPreset.cpp" />
  </ItemGroup>
  <ItemGroup>
    <ClInclude Include="AssetManager.h">
      <Filter>Header\Engine</Filter>
    </ClInclude>
    <ClInclude Include="BaseGridMesh.h">
      <Filter>Header\Terrain</Filter>
    </ClInclude>
    <ClInclude Include="CActor.h">
      <Filter>Header\Components</Filter>
    </ClInclude>
    <ClInclude Include="Camera.h">
      <Filter>Header\Components</Filter>
    </ClInclude>
    <ClInclude Include="CCameraActor.h">
      <Filter>Header\Components</Filter>
    </ClInclude>
    <ClInclude Include="Chunk.h">
      <Filter>Header\Components</Filter>
    </ClInclude>
    <ClInclude Include="CMaterial.h">
      <Filter>Header\Components</Filter>
    </ClInclude>
    <ClInclude Include="CMesh.h">
      <Filter>Header\Components</Filter>
    </ClInclude>
    <ClInclude Include="Component.h">
      <Filter>Header\Components</Filter>
    </ClInclude>
    <ClInclude Include="CoreStructs.h">
      <Filter>Header\Engine</Filter>
    </ClInclude>
    <ClInclude Include="CShader.h">
      <Filter>Header\Components</Filter>
    </ClInclude>
    <ClInclude Include="CTransform.h">
      <Filter>Header\Components</Filter>
    </ClInclude>
    <ClInclude Include="Debug.h">
      <Filter>Header\Engine</Filter>
    </ClInclude>
    <ClInclude Include="DescriptorSetBuilder.h">
      <Filter>Header\Vulkan</Filter>
    </ClInclude>
    <ClInclude Include="EngineContext.h">
      <Filter>Header\Engine</Filter>
    </ClInclude>
    <ClInclude Include="FmodController.h">
      <Filter>Header\FMOD</Filter>
    </ClInclude>
    <ClInclude Include="imconfig.h">
      <Filter>Header\ImGUI</Filter>
    </ClInclude>
    <ClInclude Include="imgui.h">
      <Filter>Header\ImGUI</Filter>
    </ClInclude>
    <ClInclude Include="imgui_impl_opengl3.h">
      <Filter>Header\ImGUI</Filter>
    </ClInclude>
    <ClInclude Include="imgui_impl_opengl3_loader.h">
      <Filter>Header\ImGUI</Filter>
    </ClInclude>
    <ClInclude Include="imgui_impl_sdl3.h">
      <Filter>Header\ImGUI</Filter>
    </ClInclude>
    <ClInclude Include="imgui_impl_vulkan.h">
      <Filter>Header\ImGUI</Filter>
    </ClInclude>
    <ClInclude Include="imgui_internal.h">
      <Filter>Header\ImGUI</Filter>
    </ClInclude>
    <ClInclude Include="imstb_rectpack.h">
      <Filter>Header\ImGUI</Filter>
    </ClInclude>
    <ClInclude Include="imstb_textedit.h">
      <Filter>Header\ImGUI</Filter>
    </ClInclude>
    <ClInclude Include="imstb_truetype.h">
      <Filter>Header\ImGUI</Filter>
    </ClInclude>
    <ClInclude Include="json.hpp">
      <Filter>Header\json</Filter>
    </ClInclude>
    <ClInclude Include="json_fwd.hpp">
      <Filter>Header\json</Filter>
    </ClInclude>
    <ClInclude Include="OpenGLRenderer.h">
      <Filter>Header\Vulkan</Filter>
    </ClInclude>
    <ClInclude Include="Renderer.h">
      <Filter>Header\Vulkan</Filter>
    </ClInclude>
    <ClInclude Include="Scene.h">
      <Filter>Header\Scene</Filter>
    </ClInclude>
    <ClInclude Include="Scene0.h">
      <Filter>Header\Scene</Filter>
    </ClInclude>
    <ClInclude Include="Scene2.h">
      <Filter>Header\Scene</Filter>
    </ClInclude>
    <ClInclude Include="SceneManager.h">
      <Filter>Header\Engine</Filter>
    </ClInclude>
    <ClInclude Include="TerrainNoise.h">
      <Filter>Header\Terrain</Filter>
    </ClInclude>
    <ClInclude Include="TerrainPreset.h">
      <Filter>Header\Terrain</Filter>
    </ClInclude>
    <ClInclude Include="Timer.h">
      <Filter>Header\Engine</Filter>
    </ClInclude>
    <ClInclude Include="tiny_obj_loader.h">
      <Filter>Header\Engine</Filter>
    </ClInclude>
    <ClInclude Include="UBO_Padding.h">
      <Filter>Header\Vulkan</Filter>
    </ClInclude>
    <ClInclude Include="VkImGUISystem.h">
      <Filter>Header\Vulkan</Filter>
    </ClInclude>
    <ClInclude Include="VulkanRenderer.h">
      <Filter>Header\Vulkan</Filter>
    </ClInclude>
    <ClInclude Include="World.h">
      <Filter>Header\Terrain</Filter>
    </ClInclude>
    <ClInclude Include="WorldConstants.h">
      <Filter>Header\Terrain</Filter>
    </ClInclude>
    <ClInclude Include="CCamera.h">
      <Filter>Header\Components</Filter>
    </ClInclude>
    <ClInclude Include="CGlobalLight.h">
      <Filter>Header\Components</Filter>
    </ClInclude>
    <ClInclude Include="CInput.h">
      <Filter>Header\Components</Filter>
    </ClInclude>
    <ClInclude Include="CPhysics.h">
      <Filter>Header\Components</Filter>
    </ClInclude>
    <ClInclude Include="CWorld.h">
      <Filter>Header\Components</Filter>
    </ClInclude>
    <ClInclude Include="CChunk.h">
      <Filter>Header\Components</Filter>
    </ClInclude>
    <ClInclude Include="CSkyBox.h">
      <Filter>Header\Components</Filter>
    </ClInclude>
    <ClInclude Include="Scene3.h">
      <Filter>Header\Scene</Filter>
    </ClInclude>
  </ItemGroup>
  <ItemGroup>
    <None Include="shaders\multiPhong.frag">
      <Filter>Shaders</Filter>
    </None>
    <None Include="shaders\multiPhong.vert">
      <Filter>Shaders</Filter>
    </None>
    <None Include="shaders\phong.frag">
      <Filter>Shaders</Filter>
    </None>
    <None Include="shaders\phong.vert">
      <Filter>Shaders</Filter>
    </None>
    <None Include="shaders\simplePhong.frag">
      <Filter>Shaders</Filter>
    </None>
    <None Include="shaders\simplePhong.vert">
      <Filter>Shaders</Filter>
    </None>
    <None Include="shaders\simpleTexture.frag">
      <Filter>Shaders</Filter>
    </None>
    <None Include="shaders\simpleTexture.vert">
      <Filter>Shaders</Filter>
    </None>
    <None Include="shaders\terrain.frag">
      <Filter>Shaders</Filter>
    </None>
    <None Include="shaders\terrain.vert">
      <Filter>Shaders</Filter>
    </None>
    <None Include="test.json">
      <Filter>Json</Filter>
    </None>
    <None Include="shaders\GlobalLight.frag">
      <Filter>Shaders</Filter>
    </None>
    <None Include="shaders\GlobalLight.vert">
      <Filter>Shaders</Filter>
    </None>
    <None Include="shaders\MainPass.frag">
      <Filter>Shaders</Filter>
    </None>
    <None Include="shaders\MainPass.vert">
      <Filter>Shaders</Filter>
    </None>
    <None Include="shaders\SkyBox.frag">
      <Filter>Shaders</Filter>
    </None>
    <None Include="shaders\SkyBox.vert">
      <Filter>Shaders</Filter>
    </None>
    <None Include="shaders\ShadowCheck.frag">
      <Filter>Shaders</Filter>
    </None>
    <None Include="shaders\MassPass_2.frag">
      <Filter>Shaders</Filter>
    </None>
    <None Include="shaders\MassPass_2.vert">
      <Filter>Shaders</Filter>
    </None>
    <None Include="shaders\ShadowCheck_2.frag">
      <Filter>Shaders</Filter>
    </None>
  </ItemGroup>
  <ItemGroup>
    <Filter Include="Source">
      <UniqueIdentifier>{1b01f6e0-e5e3-4033-b32c-d5685c2403b6}</UniqueIdentifier>
    </Filter>
    <Filter Include="Header">
      <UniqueIdentifier>{08712303-5b65-4987-bd59-a1d5efb61c2b}</UniqueIdentifier>
    </Filter>
    <Filter Include="Shaders">
      <UniqueIdentifier>{16ed95b5-416d-45b1-a17a-73984f8732a2}</UniqueIdentifier>
    </Filter>
    <Filter Include="Json">
      <UniqueIdentifier>{dd78b84a-83e9-4cf6-8cb5-9752c862cd9e}</UniqueIdentifier>
    </Filter>
    <Filter Include="Log">
      <UniqueIdentifier>{e29229b7-b3f7-4906-900e-5e7fed75fc34}</UniqueIdentifier>
    </Filter>
    <Filter Include="Header\Terrain">
      <UniqueIdentifier>{f2d8bd72-702f-4642-b567-46026be83098}</UniqueIdentifier>
    </Filter>
    <Filter Include="Header\Scene">
      <UniqueIdentifier>{b1de9c4f-f7bd-4e5c-adcc-7e3addcb1141}</UniqueIdentifier>
    </Filter>
    <Filter Include="Header\Engine">
      <UniqueIdentifier>{f55da3cc-5410-4dc2-867f-da85ebc36abe}</UniqueIdentifier>
    </Filter>
    <Filter Include="Header\Vulkan">
      <UniqueIdentifier>{6578c4b2-bd79-4cdd-825b-ddf3b15e63a4}</UniqueIdentifier>
    </Filter>
    <Filter Include="Header\json">
      <UniqueIdentifier>{fa43e398-ea75-48e5-b5f7-ba24c2415aec}</UniqueIdentifier>
    </Filter>
    <Filter Include="Header\Components">
      <UniqueIdentifier>{48fb274e-4dea-4cd6-91ee-4d14aa1bc2e1}</UniqueIdentifier>
    </Filter>
    <Filter Include="Header\ImGUI">
      <UniqueIdentifier>{1c9bdffa-4f01-46bb-a613-c4bc4dbb7d6b}</UniqueIdentifier>
    </Filter>
    <Filter Include="Header\FMOD">
      <UniqueIdentifier>{ab3daa78-fedc-44e7-8f4e-9ae8e4116caa}</UniqueIdentifier>
    </Filter>
    <Filter Include="Source\Engine">
      <UniqueIdentifier>{0b9b2c97-6328-4d17-98ca-1376a428b810}</UniqueIdentifier>
    </Filter>
    <Filter Include="Source\Components">
      <UniqueIdentifier>{ea4d374a-5e8f-4b82-b047-a104d2b9b6db}</UniqueIdentifier>
    </Filter>
    <Filter Include="Source\ImGUI">
      <UniqueIdentifier>{3cbf0773-397f-4155-9f54-269ff67391de}</UniqueIdentifier>
    </Filter>
    <Filter Include="Source\FMOD">
      <UniqueIdentifier>{f1bdb238-85f6-4762-989a-504e99c48ae8}</UniqueIdentifier>
    </Filter>
    <Filter Include="Source\Vulkan">
      <UniqueIdentifier>{7e41cc03-0678-4b45-811e-1c7130bef4b5}</UniqueIdentifier>
    </Filter>
    <Filter Include="Source\Scene">
      <UniqueIdentifier>{77cdb8c7-1dee-42b1-bf63-c386580a2a12}</UniqueIdentifier>
    </Filter>
    <Filter Include="Source\Terrain">
      <UniqueIdentifier>{488c0726-f1be-4b30-a61f-52528ffca205}</UniqueIdentifier>
    </Filter>
  </ItemGroup>
  <ItemGroup>
    <Text Include="Graphics Game Engine_Log.txt">
      <Filter>Log</Filter>
    </Text>
  </ItemGroup>
</Project>