<?xml version="1.0" encoding="utf-8"?>
<Project ToolsVersion="4.0" xmlns="http://schemas.microsoft.com/developer/msbuild/2003">
  <ItemGroup>
    <ClCompile Include="AssetManager.cpp">
      <Filter>Cpp</Filter>
    </ClCompile>
    <ClCompile Include="Camera.cpp">
      <Filter>Cpp</Filter>
    </ClCompile>
    <ClCompile Include="Debug.cpp">
      <Filter>Cpp</Filter>
    </ClCompile>
    <ClCompile Include="DescriptorSetBuilder.cpp">
      <Filter>Cpp</Filter>
    </ClCompile>
    <ClCompile Include="imgui.cpp">
      <Filter>Cpp</Filter>
    </ClCompile>
    <ClCompile Include="imgui_demo.cpp">
      <Filter>Cpp</Filter>
    </ClCompile>
    <ClCompile Include="imgui_draw.cpp">
      <Filter>Cpp</Filter>
    </ClCompile>
    <ClCompile Include="imgui_impl_opengl3.cpp">
      <Filter>Cpp</Filter>
    </ClCompile>
    <ClCompile Include="imgui_impl_sdl3.cpp">
      <Filter>Cpp</Filter>
    </ClCompile>
    <ClCompile Include="imgui_impl_vulkan.cpp">
      <Filter>Cpp</Filter>
    </ClCompile>
    <ClCompile Include="imgui_tables.cpp">
      <Filter>Cpp</Filter>
    </ClCompile>
    <ClCompile Include="imgui_widgets.cpp">
      <Filter>Cpp</Filter>
    </ClCompile>
    <ClCompile Include="Main.cpp">
      <Filter>Cpp</Filter>
    </ClCompile>
    <ClCompile Include="OpenGLRenderer.cpp">
      <Filter>Cpp</Filter>
    </ClCompile>
    <ClCompile Include="Scene0.cpp">
      <Filter>Cpp</Filter>
    </ClCompile>
    <ClCompile Include="Timer.cpp">
      <Filter>Cpp</Filter>
    </ClCompile>
    <ClCompile Include="VulkanCommandBuffer.cpp">
      <Filter>Cpp</Filter>
    </ClCompile>
    <ClCompile Include="VulkanMesh.cpp">
      <Filter>Cpp</Filter>
    </ClCompile>
    <ClCompile Include="VulkanPipeline.cpp">
      <Filter>Cpp</Filter>
    </ClCompile>
    <ClCompile Include="VulkanRenderer.cpp">
      <Filter>Cpp</Filter>
    </ClCompile>
    <ClCompile Include="VulkanSampler.cpp">
      <Filter>Cpp</Filter>
    </ClCompile>
    <ClCompile Include="VulkanUniformBuffer.cpp">
      <Filter>Cpp</Filter>
    </ClCompile>
    <ClCompile Include="SceneManager.cpp">
      <Filter>Cpp</Filter>
    </ClCompile>
  </ItemGroup>
  <ItemGroup>
    <ClInclude Include="AssetManager.h">
      <Filter>Header</Filter>
    </ClInclude>
    <ClInclude Include="Camera.h">
      <Filter>Header</Filter>
    </ClInclude>
    <ClInclude Include="CoreStructs.h">
      <Filter>Header</Filter>
    </ClInclude>
    <ClInclude Include="Debug.h">
      <Filter>Header</Filter>
    </ClInclude>
    <ClInclude Include="imconfig.h">
      <Filter>Header</Filter>
    </ClInclude>
    <ClInclude Include="imgui.h">
      <Filter>Header</Filter>
    </ClInclude>
    <ClInclude Include="imgui_impl_opengl3.h">
      <Filter>Header</Filter>
    </ClInclude>
    <ClInclude Include="imgui_impl_opengl3_loader.h">
      <Filter>Header</Filter>
    </ClInclude>
    <ClInclude Include="imgui_impl_sdl3.h">
      <Filter>Header</Filter>
    </ClInclude>
    <ClInclude Include="imgui_impl_vulkan.h">
      <Filter>Header</Filter>
    </ClInclude>
    <ClInclude Include="imgui_internal.h">
      <Filter>Header</Filter>
    </ClInclude>
    <ClInclude Include="imstb_rectpack.h">
      <Filter>Header</Filter>
    </ClInclude>
    <ClInclude Include="imstb_textedit.h">
      <Filter>Header</Filter>
    </ClInclude>
    <ClInclude Include="imstb_truetype.h">
      <Filter>Header</Filter>
    </ClInclude>
    <ClInclude Include="OpenGLRenderer.h">
      <Filter>Header</Filter>
    </ClInclude>
    <ClInclude Include="Renderer.h">
      <Filter>Header</Filter>
    </ClInclude>
    <ClInclude Include="Scene.h">
      <Filter>Header</Filter>
    </ClInclude>
    <ClInclude Include="Scene0.h">
      <Filter>Header</Filter>
    </ClInclude>
    <ClInclude Include="SceneManager.h">
      <Filter>Header</Filter>
    </ClInclude>
    <ClInclude Include="Timer.h">
      <Filter>Header</Filter>
    </ClInclude>
    <ClInclude Include="tiny_obj_loader.h">
      <Filter>Header</Filter>
    </ClInclude>
    <ClInclude Include="UBO_Padding.h">
      <Filter>Header</Filter>
    </ClInclude>
    <ClInclude Include="VulkanRenderer.h">
      <Filter>Header</Filter>
    </ClInclude>
    <ClInclude Include="DescriptorSetBuilder.h">
      <Filter>Header</Filter>
    </ClInclude>
  </ItemGroup>
  <ItemGroup>
    <None Include="shaders\multiPhong.frag">
      <Filter>Shaders</Filter>
    </None>
    <None Include="shaders\multiPhong.vert">
      <Filter>Shaders</Filter>
    </None>
    <None Include="shaders\phong.frag">
      <Filter>Shaders</Filter>
    </None>
    <None Include="shaders\phong.vert">
      <Filter>Shaders</Filter>
    </None>
    <None Include="shaders\simplePhong.frag">
      <Filter>Shaders</Filter>
    </None>
    <None Include="shaders\simplePhong.vert">
      <Filter>Shaders</Filter>
    </None>
    <None Include="shaders\simpleTexture.frag">
      <Filter>Shaders</Filter>
    </None>
    <None Include="shaders\simpleTexture.vert">
      <Filter>Shaders</Filter>
    </None>
    <None Include="test.json" />
    <None Include="matrixs.json" />
  </ItemGroup>
  <ItemGroup>
    <Text Include="Graphics Game Engine_Log.txt" />
  </ItemGroup>
  <ItemGroup>
    <Filter Include="Header">
      <UniqueIdentifier>{6cc6dcef-5e33-4573-a56d-9baa2a3e2b52}</UniqueIdentifier>
    </Filter>
    <Filter Include="Cpp">
      <UniqueIdentifier>{0901b8b1-ad78-4fb8-a863-ef60737ab514}</UniqueIdentifier>
    </Filter>
    <Filter Include="Shaders">
      <UniqueIdentifier>{8c9d5966-3361-4807-81a8-74a6b752377b}</UniqueIdentifier>
    </Filter>
  </ItemGroup>
</Project>